Microsoft Visual Studio Solution File, Format Version 10.00
# Visual Studio 2008
Project("{FAE04EC0-301F-11D3-BF4B-00C04F79EFBC}") = "SVN_Notifier", "SVN_Notifier\SVN_Notifier.csproj", "{047E30FF-665B-422C-9877-8983961F848A}"
EndProject
Project("{54435603-DBB4-11D2-8724-00A0C9A8B90C}") = "SVN_NotifierSetup", "SVN_NotifierSetup\SVN_NotifierSetup.vdproj", "{0F0DBA70-0F97-487B-BBE8-7753B8E4401E}"
EndProject
Global
	GlobalSection(SolutionConfigurationPlatforms) = preSolution
		Debug|Any CPU = Debug|Any CPU
		Release|Any CPU = Release|Any CPU
	EndGlobalSection
	GlobalSection(ProjectConfigurationPlatforms) = postSolution
		{047E30FF-665B-422C-9877-8983961F848A}.Debug|Any CPU.ActiveCfg = Debug|Any CPU
		{047E30FF-665B-422C-9877-8983961F848A}.Debug|Any CPU.Build.0 = Debug|Any CPU
		{047E30FF-665B-422C-9877-8983961F848A}.Release|Any CPU.ActiveCfg = Release|Any CPU
		{047E30FF-665B-422C-9877-8983961F848A}.Release|Any CPU.Build.0 = Release|Any CPU
		{0F0DBA70-0F97-487B-BBE8-7753B8E4401E}.Debug|Any CPU.ActiveCfg = Debug
		{0F0DBA70-0F97-487B-BBE8-7753B8E4401E}.Release|Any CPU.ActiveCfg = Release
		{0F0DBA70-0F97-487B-BBE8-7753B8E4401E}.Release|Any CPU.Build.0 = Release
	EndGlobalSection
	GlobalSection(SolutionProperties) = preSolution
		HideSolutionNode = FALSE
	EndGlobalSection
EndGlobal
